// !$*UTF8*$!
{
	archiveVersion = 1;
	classes = {
	};
	objectVersion = 55;
	objects = {

/* Begin PBXBuildFile section */
		D301DC2C279BF94900E4BD08 /* EndPoint.swift in Sources */ = {isa = PBXBuildFile; fileRef = D301DC2B279BF94900E4BD08 /* EndPoint.swift */; };
		D301DC30279C22AF00E4BD08 /* OnboardingViewController.swift in Sources */ = {isa = PBXBuildFile; fileRef = D301DC2F279C22AF00E4BD08 /* OnboardingViewController.swift */; };
		D301DC32279C269B00E4BD08 /* OnboardingView.swift in Sources */ = {isa = PBXBuildFile; fileRef = D301DC31279C269B00E4BD08 /* OnboardingView.swift */; };
		D301DC34279C39BD00E4BD08 /* OnboardingCollectionViewCell.swift in Sources */ = {isa = PBXBuildFile; fileRef = D301DC33279C39BD00E4BD08 /* OnboardingCollectionViewCell.swift */; };
		D301DC36279C55E100E4BD08 /* OnboardingViewModel.swift in Sources */ = {isa = PBXBuildFile; fileRef = D301DC35279C55E100E4BD08 /* OnboardingViewModel.swift */; };
		D301DC3E279C646300E4BD08 /* NicknameView.swift in Sources */ = {isa = PBXBuildFile; fileRef = D301DC3D279C646200E4BD08 /* NicknameView.swift */; };
		D301DC40279C646B00E4BD08 /* NicknameViewController.swift in Sources */ = {isa = PBXBuildFile; fileRef = D301DC3F279C646B00E4BD08 /* NicknameViewController.swift */; };
		D301DC4A279C793000E4BD08 /* BirthdayView.swift in Sources */ = {isa = PBXBuildFile; fileRef = D301DC49279C793000E4BD08 /* BirthdayView.swift */; };
		D301DC4C279C793C00E4BD08 /* BirtydayViewController.swift in Sources */ = {isa = PBXBuildFile; fileRef = D301DC4B279C793C00E4BD08 /* BirtydayViewController.swift */; };
		D301DC50279D03B200E4BD08 /* DateView.swift in Sources */ = {isa = PBXBuildFile; fileRef = D301DC4F279D03B200E4BD08 /* DateView.swift */; };
		D301DC52279D0C0400E4BD08 /* DateType.swift in Sources */ = {isa = PBXBuildFile; fileRef = D301DC51279D0C0400E4BD08 /* DateType.swift */; };
		D301DC54279D0CE300E4BD08 /* DateStackView.swift in Sources */ = {isa = PBXBuildFile; fileRef = D301DC53279D0CE300E4BD08 /* DateStackView.swift */; };
		D301DC56279D4C9C00E4BD08 /* Date+Extension.swift in Sources */ = {isa = PBXBuildFile; fileRef = D301DC55279D4C9C00E4BD08 /* Date+Extension.swift */; };
		D301DC59279D5F1700E4BD08 /* EmailView.swift in Sources */ = {isa = PBXBuildFile; fileRef = D301DC58279D5F1700E4BD08 /* EmailView.swift */; };
		D301DC5B279D5F2500E4BD08 /* EmailViewController.swift in Sources */ = {isa = PBXBuildFile; fileRef = D301DC5A279D5F2500E4BD08 /* EmailViewController.swift */; };
		D301DC62279D65C100E4BD08 /* GenderSelectView.swift in Sources */ = {isa = PBXBuildFile; fileRef = D301DC61279D65C100E4BD08 /* GenderSelectView.swift */; };
		D301DC64279D65C800E4BD08 /* GenderSelectViewController.swift in Sources */ = {isa = PBXBuildFile; fileRef = D301DC63279D65C800E4BD08 /* GenderSelectViewController.swift */; };
		D301DC68279D67CC00E4BD08 /* GenderView.swift in Sources */ = {isa = PBXBuildFile; fileRef = D301DC67279D67CC00E4BD08 /* GenderView.swift */; };
		D301DC6A279D70A800E4BD08 /* GenderStackView.swift in Sources */ = {isa = PBXBuildFile; fileRef = D301DC69279D70A800E4BD08 /* GenderStackView.swift */; };
		D301DC6D279D769900E4BD08 /* RxCocoa in Frameworks */ = {isa = PBXBuildFile; productRef = D301DC6C279D769900E4BD08 /* RxCocoa */; };
		D301DC6F279D769900E4BD08 /* RxSwift in Frameworks */ = {isa = PBXBuildFile; productRef = D301DC6E279D769900E4BD08 /* RxSwift */; };
		D301DC72279D771400E4BD08 /* RxGesture in Frameworks */ = {isa = PBXBuildFile; productRef = D301DC71279D771400E4BD08 /* RxGesture */; };
		D301DC74279D78B300E4BD08 /* GenderType.swift in Sources */ = {isa = PBXBuildFile; fileRef = D301DC73279D78B300E4BD08 /* GenderType.swift */; };
		D301DC7B279E656600E4BD08 /* Typealias.swift in Sources */ = {isa = PBXBuildFile; fileRef = D301DC7A279E656600E4BD08 /* Typealias.swift */; };
		D301DC7E279E827E00E4BD08 /* UserViewModel.swift in Sources */ = {isa = PBXBuildFile; fileRef = D301DC7D279E827E00E4BD08 /* UserViewModel.swift */; };
		D332A95527AEB0200093FB65 /* MyInfoTableViewCell.swift in Sources */ = {isa = PBXBuildFile; fileRef = D332A95427AEB0200093FB65 /* MyInfoTableViewCell.swift */; };
		D332A95727AED9390093FB65 /* UserRegisterState.swift in Sources */ = {isa = PBXBuildFile; fileRef = D332A95627AED9390093FB65 /* UserRegisterState.swift */; };
		D332A95927AEDFC90093FB65 /* UserDefaultValues.swift in Sources */ = {isa = PBXBuildFile; fileRef = D332A95827AEDFC90093FB65 /* UserDefaultValues.swift */; };
		D332A95B27AF9A7A0093FB65 /* CustomAlertViewController.swift in Sources */ = {isa = PBXBuildFile; fileRef = D332A95A27AF9A7A0093FB65 /* CustomAlertViewController.swift */; };
		D332A95D27B02ADD0093FB65 /* MainView.swift in Sources */ = {isa = PBXBuildFile; fileRef = D332A95C27B02ADD0093FB65 /* MainView.swift */; };
		D332A95F27B02C860093FB65 /* CustomFilterButton.swift in Sources */ = {isa = PBXBuildFile; fileRef = D332A95E27B02C860093FB65 /* CustomFilterButton.swift */; };
		D332A96127B02E770093FB65 /* MainFilterButtons.swift in Sources */ = {isa = PBXBuildFile; fileRef = D332A96027B02E770093FB65 /* MainFilterButtons.swift */; };
		D332A96327B030F90093FB65 /* MainViewFilterState.swift in Sources */ = {isa = PBXBuildFile; fileRef = D332A96227B030F90093FB65 /* MainViewFilterState.swift */; };
		D332A96827B038850093FB65 /* QueueAPI.swift in Sources */ = {isa = PBXBuildFile; fileRef = D332A96727B038850093FB65 /* QueueAPI.swift */; };
		D332A96A27B038B20093FB65 /* BaseAPI.swift in Sources */ = {isa = PBXBuildFile; fileRef = D332A96927B038B20093FB65 /* BaseAPI.swift */; };
		D332A96C27B03EA40093FB65 /* QueueAPIResult.swift in Sources */ = {isa = PBXBuildFile; fileRef = D332A96B27B03EA40093FB65 /* QueueAPIResult.swift */; };
		D332A97127B043920093FB65 /* MainViewModel.swift in Sources */ = {isa = PBXBuildFile; fileRef = D332A97027B043920093FB65 /* MainViewModel.swift */; };
		D33458F02796951A00EB983B /* SnapKit in Frameworks */ = {isa = PBXBuildFile; productRef = D33458EF2796951A00EB983B /* SnapKit */; };
		D33458F62796966800EB983B /* PhoneNumberAuthViewController.swift in Sources */ = {isa = PBXBuildFile; fileRef = D33458F52796966800EB983B /* PhoneNumberAuthViewController.swift */; };
		D33458F827969C7D00EB983B /* PhoneNumberAuthView.swift in Sources */ = {isa = PBXBuildFile; fileRef = D33458F727969C7D00EB983B /* PhoneNumberAuthView.swift */; };
		D33458FB2796A54500EB983B /* UIColor+Extension.swift in Sources */ = {isa = PBXBuildFile; fileRef = D33458FA2796A54500EB983B /* UIColor+Extension.swift */; };
		D33458FE2796B05100EB983B /* CustomNextButton.swift in Sources */ = {isa = PBXBuildFile; fileRef = D33458FD2796B05100EB983B /* CustomNextButton.swift */; };
		D33459012796CF9800EB983B /* FetchViews.swift in Sources */ = {isa = PBXBuildFile; fileRef = D33459002796CF9800EB983B /* FetchViews.swift */; };
		D33459052796E1F500EB983B /* CustomTextField.swift in Sources */ = {isa = PBXBuildFile; fileRef = D33459042796E1F500EB983B /* CustomTextField.swift */; };
		D33459072796E21800EB983B /* UITextField+Extension.swift in Sources */ = {isa = PBXBuildFile; fileRef = D33459062796E21800EB983B /* UITextField+Extension.swift */; };
		D33459142796F97900EB983B /* Toast in Frameworks */ = {isa = PBXBuildFile; productRef = D33459132796F97900EB983B /* Toast */; };
		D33459162797058D00EB983B /* String+Extension.swift in Sources */ = {isa = PBXBuildFile; fileRef = D33459152797058D00EB983B /* String+Extension.swift */; };
		D334591F27971D3500EB983B /* PhoneNumberAuthStatus.swift in Sources */ = {isa = PBXBuildFile; fileRef = D334591E27971D3500EB983B /* PhoneNumberAuthStatus.swift */; };
		D33459232797D51700EB983B /* NotoSansKR-Medium.otf in Resources */ = {isa = PBXBuildFile; fileRef = D33459212797D51700EB983B /* NotoSansKR-Medium.otf */; };
		D33459242797D51700EB983B /* NotoSansKR-Regular.otf in Resources */ = {isa = PBXBuildFile; fileRef = D33459222797D51700EB983B /* NotoSansKR-Regular.otf */; };
		D33459282797D55300EB983B /* UIFont+Extension.swift in Sources */ = {isa = PBXBuildFile; fileRef = D33459272797D55300EB983B /* UIFont+Extension.swift */; };
		D334592C27987ECE00EB983B /* AnyFormatKit in Frameworks */ = {isa = PBXBuildFile; productRef = D334592B27987ECE00EB983B /* AnyFormatKit */; };
		D334593127996A2100EB983B /* AuthNumberViewController.swift in Sources */ = {isa = PBXBuildFile; fileRef = D334593027996A2100EB983B /* AuthNumberViewController.swift */; };
		D334593327996A3700EB983B /* AuthNumberView.swift in Sources */ = {isa = PBXBuildFile; fileRef = D334593227996A3700EB983B /* AuthNumberView.swift */; };
		D3345935279970FA00EB983B /* ExplainLabel.swift in Sources */ = {isa = PBXBuildFile; fileRef = D3345934279970FA00EB983B /* ExplainLabel.swift */; };
		D33459372799809900EB983B /* CustomTextFieldView.swift in Sources */ = {isa = PBXBuildFile; fileRef = D33459362799809900EB983B /* CustomTextFieldView.swift */; };
		D334593B2799A7C800EB983B /* BaseViewController.swift in Sources */ = {isa = PBXBuildFile; fileRef = D334593A2799A7C800EB983B /* BaseViewController.swift */; };
		D351C88C279E8BDA001D51D9 /* RxAlamofire in Frameworks */ = {isa = PBXBuildFile; productRef = D351C88B279E8BDA001D51D9 /* RxAlamofire */; };
		D351C891279E96ED001D51D9 /* Alamofire in Frameworks */ = {isa = PBXBuildFile; productRef = D351C890279E96ED001D51D9 /* Alamofire */; };
		D362F8F3279EC07900409DF2 /* FirebaseAuth in Frameworks */ = {isa = PBXBuildFile; productRef = D362F8F2279EC07900409DF2 /* FirebaseAuth */; };
		D362F8F5279EC07900409DF2 /* FirebaseMessaging in Frameworks */ = {isa = PBXBuildFile; productRef = D362F8F4279EC07900409DF2 /* FirebaseMessaging */; };
		D362F8F8279EF1D300409DF2 /* FirebaseToken.swift in Sources */ = {isa = PBXBuildFile; fileRef = D362F8F7279EF1D300409DF2 /* FirebaseToken.swift */; };
		D362F8FA279EF5F700409DF2 /* UserAPI.swift in Sources */ = {isa = PBXBuildFile; fileRef = D362F8F9279EF5F700409DF2 /* UserAPI.swift */; };
		D362F8FE279FD1D300409DF2 /* UserInformation.swift in Sources */ = {isa = PBXBuildFile; fileRef = D362F8FD279FD1D300409DF2 /* UserInformation.swift */; };
		D362F906279FF0E600409DF2 /* UIViewController+Extension.swift in Sources */ = {isa = PBXBuildFile; fileRef = D362F905279FF0E600409DF2 /* UIViewController+Extension.swift */; };
		D362F90927A019D800409DF2 /* UserModel.swift in Sources */ = {isa = PBXBuildFile; fileRef = D362F90827A019D800409DF2 /* UserModel.swift */; };
		D362F90B27A0493400409DF2 /* UserAPIResult.swift in Sources */ = {isa = PBXBuildFile; fileRef = D362F90A27A0493400409DF2 /* UserAPIResult.swift */; };
		D362F90D27A1A10600409DF2 /* HomeTabBarController.swift in Sources */ = {isa = PBXBuildFile; fileRef = D362F90C27A1A10600409DF2 /* HomeTabBarController.swift */; };
		D362F91027A1A16F00409DF2 /* MyInfoViewController.swift in Sources */ = {isa = PBXBuildFile; fileRef = D362F90F27A1A16F00409DF2 /* MyInfoViewController.swift */; };
		D362F91227A1A6E800409DF2 /* MainViewController.swift in Sources */ = {isa = PBXBuildFile; fileRef = D362F91127A1A6E800409DF2 /* MainViewController.swift */; };
		D362F91427A1A71600409DF2 /* ShopViewController.swift in Sources */ = {isa = PBXBuildFile; fileRef = D362F91327A1A71600409DF2 /* ShopViewController.swift */; };
		D362F91627A1A73600409DF2 /* FriendsViewController.swift in Sources */ = {isa = PBXBuildFile; fileRef = D362F91527A1A73600409DF2 /* FriendsViewController.swift */; };
		D362F91C27A1AF8800409DF2 /* MyInfoView.swift in Sources */ = {isa = PBXBuildFile; fileRef = D362F91B27A1AF8700409DF2 /* MyInfoView.swift */; };
		D362F91E27A2772B00409DF2 /* NetworkMonitor.swift in Sources */ = {isa = PBXBuildFile; fileRef = D362F91D27A2772B00409DF2 /* NetworkMonitor.swift */; };
		D362F92127A2936300409DF2 /* InformationManagementViewController.swift in Sources */ = {isa = PBXBuildFile; fileRef = D362F92027A2936300409DF2 /* InformationManagementViewController.swift */; };
		D362F92327A297DF00409DF2 /* InformationManagementView.swift in Sources */ = {isa = PBXBuildFile; fileRef = D362F92227A297DF00409DF2 /* InformationManagementView.swift */; };
		D362F92527A297F700409DF2 /* ProfileCustomView.swift in Sources */ = {isa = PBXBuildFile; fileRef = D362F92427A297F700409DF2 /* ProfileCustomView.swift */; };
		D362F92727A306B000409DF2 /* ProfileTitleViewCell.swift in Sources */ = {isa = PBXBuildFile; fileRef = D362F92627A306B000409DF2 /* ProfileTitleViewCell.swift */; };
		D362F92927A3BF9700409DF2 /* ProfileTitleView.swift in Sources */ = {isa = PBXBuildFile; fileRef = D362F92827A3BF9700409DF2 /* ProfileTitleView.swift */; };
		D362F92B27ABAC3D00409DF2 /* ProfileUserNameView.swift in Sources */ = {isa = PBXBuildFile; fileRef = D362F92A27ABAC3D00409DF2 /* ProfileUserNameView.swift */; };
		D362F92D27ABB21000409DF2 /* ProfileCommentView.swift in Sources */ = {isa = PBXBuildFile; fileRef = D362F92C27ABB21000409DF2 /* ProfileCommentView.swift */; };
		D362F92F27ABBEF300409DF2 /* CustomButton.swift in Sources */ = {isa = PBXBuildFile; fileRef = D362F92E27ABBEF300409DF2 /* CustomButton.swift */; };
		D362F93327AC0B7900409DF2 /* MyInfoGenderSelectView.swift in Sources */ = {isa = PBXBuildFile; fileRef = D362F93227AC0B7900409DF2 /* MyInfoGenderSelectView.swift */; };
		D362F93527AC1BD700409DF2 /* MyInfoFavoriteHabitView.swift in Sources */ = {isa = PBXBuildFile; fileRef = D362F93427AC1BD700409DF2 /* MyInfoFavoriteHabitView.swift */; };
		D362F93827AC1E5600409DF2 /* IQKeyboardManagerSwift in Frameworks */ = {isa = PBXBuildFile; productRef = D362F93727AC1E5600409DF2 /* IQKeyboardManagerSwift */; };
		D362F93A27AC1EFC00409DF2 /* MyInfoPhoneSearchEnableView.swift in Sources */ = {isa = PBXBuildFile; fileRef = D362F93927AC1EFC00409DF2 /* MyInfoPhoneSearchEnableView.swift */; };
		D362F93C27AC217500409DF2 /* MyInfoSearchAgeView.swift in Sources */ = {isa = PBXBuildFile; fileRef = D362F93B27AC217500409DF2 /* MyInfoSearchAgeView.swift */; };
		D362F94227AC299300409DF2 /* MultiSlider in Frameworks */ = {isa = PBXBuildFile; productRef = D362F94127AC299300409DF2 /* MultiSlider */; };
		D362F94427AC364200409DF2 /* MyInfoDeRegisterView.swift in Sources */ = {isa = PBXBuildFile; fileRef = D362F94327AC364200409DF2 /* MyInfoDeRegisterView.swift */; };
		D36958B6279669AF00924F5A /* AppDelegate.swift in Sources */ = {isa = PBXBuildFile; fileRef = D36958B5279669AF00924F5A /* AppDelegate.swift */; };
		D36958B8279669AF00924F5A /* SceneDelegate.swift in Sources */ = {isa = PBXBuildFile; fileRef = D36958B7279669AF00924F5A /* SceneDelegate.swift */; };
		D36958BA279669AF00924F5A /* ViewController.swift in Sources */ = {isa = PBXBuildFile; fileRef = D36958B9279669AF00924F5A /* ViewController.swift */; };
		D36958BF279669B200924F5A /* Assets.xcassets in Resources */ = {isa = PBXBuildFile; fileRef = D36958BE279669B200924F5A /* Assets.xcassets */; };
		D36958C2279669B200924F5A /* LaunchScreen.storyboard in Resources */ = {isa = PBXBuildFile; fileRef = D36958C0279669B200924F5A /* LaunchScreen.storyboard */; };
		D39B6965279678E8005B1EBB /* GoogleService-Info.plist in Resources */ = {isa = PBXBuildFile; fileRef = D39B6964279678E8005B1EBB /* GoogleService-Info.plist */; };
/* End PBXBuildFile section */

/* Begin PBXFileReference section */
		D301DC2B279BF94900E4BD08 /* EndPoint.swift */ = {isa = PBXFileReference; lastKnownFileType = sourcecode.swift; path = EndPoint.swift; sourceTree = "<group>"; };
		D301DC2F279C22AF00E4BD08 /* OnboardingViewController.swift */ = {isa = PBXFileReference; lastKnownFileType = sourcecode.swift; path = OnboardingViewController.swift; sourceTree = "<group>"; };
		D301DC31279C269B00E4BD08 /* OnboardingView.swift */ = {isa = PBXFileReference; lastKnownFileType = sourcecode.swift; path = OnboardingView.swift; sourceTree = "<group>"; };
		D301DC33279C39BD00E4BD08 /* OnboardingCollectionViewCell.swift */ = {isa = PBXFileReference; lastKnownFileType = sourcecode.swift; path = OnboardingCollectionViewCell.swift; sourceTree = "<group>"; };
		D301DC35279C55E100E4BD08 /* OnboardingViewModel.swift */ = {isa = PBXFileReference; lastKnownFileType = sourcecode.swift; path = OnboardingViewModel.swift; sourceTree = "<group>"; };
		D301DC3D279C646200E4BD08 /* NicknameView.swift */ = {isa = PBXFileReference; lastKnownFileType = sourcecode.swift; path = NicknameView.swift; sourceTree = "<group>"; };
		D301DC3F279C646B00E4BD08 /* NicknameViewController.swift */ = {isa = PBXFileReference; lastKnownFileType = sourcecode.swift; path = NicknameViewController.swift; sourceTree = "<group>"; };
		D301DC49279C793000E4BD08 /* BirthdayView.swift */ = {isa = PBXFileReference; lastKnownFileType = sourcecode.swift; path = BirthdayView.swift; sourceTree = "<group>"; };
		D301DC4B279C793C00E4BD08 /* BirtydayViewController.swift */ = {isa = PBXFileReference; lastKnownFileType = sourcecode.swift; path = BirtydayViewController.swift; sourceTree = "<group>"; };
		D301DC4F279D03B200E4BD08 /* DateView.swift */ = {isa = PBXFileReference; lastKnownFileType = sourcecode.swift; path = DateView.swift; sourceTree = "<group>"; };
		D301DC51279D0C0400E4BD08 /* DateType.swift */ = {isa = PBXFileReference; lastKnownFileType = sourcecode.swift; path = DateType.swift; sourceTree = "<group>"; };
		D301DC53279D0CE300E4BD08 /* DateStackView.swift */ = {isa = PBXFileReference; lastKnownFileType = sourcecode.swift; path = DateStackView.swift; sourceTree = "<group>"; };
		D301DC55279D4C9C00E4BD08 /* Date+Extension.swift */ = {isa = PBXFileReference; lastKnownFileType = sourcecode.swift; path = "Date+Extension.swift"; sourceTree = "<group>"; };
		D301DC58279D5F1700E4BD08 /* EmailView.swift */ = {isa = PBXFileReference; lastKnownFileType = sourcecode.swift; path = EmailView.swift; sourceTree = "<group>"; };
		D301DC5A279D5F2500E4BD08 /* EmailViewController.swift */ = {isa = PBXFileReference; lastKnownFileType = sourcecode.swift; path = EmailViewController.swift; sourceTree = "<group>"; };
		D301DC61279D65C100E4BD08 /* GenderSelectView.swift */ = {isa = PBXFileReference; lastKnownFileType = sourcecode.swift; path = GenderSelectView.swift; sourceTree = "<group>"; };
		D301DC63279D65C800E4BD08 /* GenderSelectViewController.swift */ = {isa = PBXFileReference; lastKnownFileType = sourcecode.swift; path = GenderSelectViewController.swift; sourceTree = "<group>"; };
		D301DC67279D67CC00E4BD08 /* GenderView.swift */ = {isa = PBXFileReference; lastKnownFileType = sourcecode.swift; path = GenderView.swift; sourceTree = "<group>"; };
		D301DC69279D70A800E4BD08 /* GenderStackView.swift */ = {isa = PBXFileReference; lastKnownFileType = sourcecode.swift; path = GenderStackView.swift; sourceTree = "<group>"; };
		D301DC73279D78B300E4BD08 /* GenderType.swift */ = {isa = PBXFileReference; lastKnownFileType = sourcecode.swift; path = GenderType.swift; sourceTree = "<group>"; };
		D301DC7A279E656600E4BD08 /* Typealias.swift */ = {isa = PBXFileReference; lastKnownFileType = sourcecode.swift; path = Typealias.swift; sourceTree = "<group>"; };
		D301DC7D279E827E00E4BD08 /* UserViewModel.swift */ = {isa = PBXFileReference; lastKnownFileType = sourcecode.swift; path = UserViewModel.swift; sourceTree = "<group>"; };
		D332A95427AEB0200093FB65 /* MyInfoTableViewCell.swift */ = {isa = PBXFileReference; lastKnownFileType = sourcecode.swift; path = MyInfoTableViewCell.swift; sourceTree = "<group>"; };
		D332A95627AED9390093FB65 /* UserRegisterState.swift */ = {isa = PBXFileReference; lastKnownFileType = sourcecode.swift; path = UserRegisterState.swift; sourceTree = "<group>"; };
		D332A95827AEDFC90093FB65 /* UserDefaultValues.swift */ = {isa = PBXFileReference; lastKnownFileType = sourcecode.swift; path = UserDefaultValues.swift; sourceTree = "<group>"; };
		D332A95A27AF9A7A0093FB65 /* CustomAlertViewController.swift */ = {isa = PBXFileReference; lastKnownFileType = sourcecode.swift; path = CustomAlertViewController.swift; sourceTree = "<group>"; };
		D332A95C27B02ADD0093FB65 /* MainView.swift */ = {isa = PBXFileReference; lastKnownFileType = sourcecode.swift; path = MainView.swift; sourceTree = "<group>"; };
		D332A95E27B02C860093FB65 /* CustomFilterButton.swift */ = {isa = PBXFileReference; lastKnownFileType = sourcecode.swift; path = CustomFilterButton.swift; sourceTree = "<group>"; };
		D332A96027B02E770093FB65 /* MainFilterButtons.swift */ = {isa = PBXFileReference; lastKnownFileType = sourcecode.swift; path = MainFilterButtons.swift; sourceTree = "<group>"; };
		D332A96227B030F90093FB65 /* MainViewFilterState.swift */ = {isa = PBXFileReference; lastKnownFileType = sourcecode.swift; path = MainViewFilterState.swift; sourceTree = "<group>"; };
		D332A96727B038850093FB65 /* QueueAPI.swift */ = {isa = PBXFileReference; lastKnownFileType = sourcecode.swift; path = QueueAPI.swift; sourceTree = "<group>"; };
		D332A96927B038B20093FB65 /* BaseAPI.swift */ = {isa = PBXFileReference; lastKnownFileType = sourcecode.swift; path = BaseAPI.swift; sourceTree = "<group>"; };
		D332A96B27B03EA40093FB65 /* QueueAPIResult.swift */ = {isa = PBXFileReference; lastKnownFileType = sourcecode.swift; path = QueueAPIResult.swift; sourceTree = "<group>"; };
		D332A97027B043920093FB65 /* MainViewModel.swift */ = {isa = PBXFileReference; lastKnownFileType = sourcecode.swift; path = MainViewModel.swift; sourceTree = "<group>"; };
		D33458F52796966800EB983B /* PhoneNumberAuthViewController.swift */ = {isa = PBXFileReference; lastKnownFileType = sourcecode.swift; path = PhoneNumberAuthViewController.swift; sourceTree = "<group>"; };
		D33458F727969C7D00EB983B /* PhoneNumberAuthView.swift */ = {isa = PBXFileReference; lastKnownFileType = sourcecode.swift; path = PhoneNumberAuthView.swift; sourceTree = "<group>"; };
		D33458FA2796A54500EB983B /* UIColor+Extension.swift */ = {isa = PBXFileReference; lastKnownFileType = sourcecode.swift; path = "UIColor+Extension.swift"; sourceTree = "<group>"; };
		D33458FD2796B05100EB983B /* CustomNextButton.swift */ = {isa = PBXFileReference; lastKnownFileType = sourcecode.swift; path = CustomNextButton.swift; sourceTree = "<group>"; };
		D33459002796CF9800EB983B /* FetchViews.swift */ = {isa = PBXFileReference; lastKnownFileType = sourcecode.swift; path = FetchViews.swift; sourceTree = "<group>"; };
		D33459042796E1F500EB983B /* CustomTextField.swift */ = {isa = PBXFileReference; lastKnownFileType = sourcecode.swift; path = CustomTextField.swift; sourceTree = "<group>"; };
		D33459062796E21800EB983B /* UITextField+Extension.swift */ = {isa = PBXFileReference; lastKnownFileType = sourcecode.swift; path = "UITextField+Extension.swift"; sourceTree = "<group>"; };
		D33459152797058D00EB983B /* String+Extension.swift */ = {isa = PBXFileReference; lastKnownFileType = sourcecode.swift; path = "String+Extension.swift"; sourceTree = "<group>"; };
		D3345917279714F800EB983B /* SLPProject.entitlements */ = {isa = PBXFileReference; lastKnownFileType = text.plist.entitlements; path = SLPProject.entitlements; sourceTree = "<group>"; };
		D334591E27971D3500EB983B /* PhoneNumberAuthStatus.swift */ = {isa = PBXFileReference; lastKnownFileType = sourcecode.swift; path = PhoneNumberAuthStatus.swift; sourceTree = "<group>"; };
		D33459212797D51700EB983B /* NotoSansKR-Medium.otf */ = {isa = PBXFileReference; lastKnownFileType = file; path = "NotoSansKR-Medium.otf"; sourceTree = "<group>"; };
		D33459222797D51700EB983B /* NotoSansKR-Regular.otf */ = {isa = PBXFileReference; lastKnownFileType = file; path = "NotoSansKR-Regular.otf"; sourceTree = "<group>"; };
		D33459272797D55300EB983B /* UIFont+Extension.swift */ = {isa = PBXFileReference; lastKnownFileType = sourcecode.swift; path = "UIFont+Extension.swift"; sourceTree = "<group>"; };
		D334593027996A2100EB983B /* AuthNumberViewController.swift */ = {isa = PBXFileReference; lastKnownFileType = sourcecode.swift; path = AuthNumberViewController.swift; sourceTree = "<group>"; };
		D334593227996A3700EB983B /* AuthNumberView.swift */ = {isa = PBXFileReference; lastKnownFileType = sourcecode.swift; path = AuthNumberView.swift; sourceTree = "<group>"; };
		D3345934279970FA00EB983B /* ExplainLabel.swift */ = {isa = PBXFileReference; lastKnownFileType = sourcecode.swift; path = ExplainLabel.swift; sourceTree = "<group>"; };
		D33459362799809900EB983B /* CustomTextFieldView.swift */ = {isa = PBXFileReference; lastKnownFileType = sourcecode.swift; path = CustomTextFieldView.swift; sourceTree = "<group>"; };
		D334593A2799A7C800EB983B /* BaseViewController.swift */ = {isa = PBXFileReference; lastKnownFileType = sourcecode.swift; path = BaseViewController.swift; sourceTree = "<group>"; };
		D362F8F7279EF1D300409DF2 /* FirebaseToken.swift */ = {isa = PBXFileReference; lastKnownFileType = sourcecode.swift; path = FirebaseToken.swift; sourceTree = "<group>"; };
		D362F8F9279EF5F700409DF2 /* UserAPI.swift */ = {isa = PBXFileReference; lastKnownFileType = sourcecode.swift; path = UserAPI.swift; sourceTree = "<group>"; };
		D362F8FD279FD1D300409DF2 /* UserInformation.swift */ = {isa = PBXFileReference; lastKnownFileType = sourcecode.swift; path = UserInformation.swift; sourceTree = "<group>"; };
		D362F905279FF0E600409DF2 /* UIViewController+Extension.swift */ = {isa = PBXFileReference; lastKnownFileType = sourcecode.swift; path = "UIViewController+Extension.swift"; sourceTree = "<group>"; };
		D362F90827A019D800409DF2 /* UserModel.swift */ = {isa = PBXFileReference; lastKnownFileType = sourcecode.swift; path = UserModel.swift; sourceTree = "<group>"; };
		D362F90A27A0493400409DF2 /* UserAPIResult.swift */ = {isa = PBXFileReference; lastKnownFileType = sourcecode.swift; path = UserAPIResult.swift; sourceTree = "<group>"; };
		D362F90C27A1A10600409DF2 /* HomeTabBarController.swift */ = {isa = PBXFileReference; lastKnownFileType = sourcecode.swift; path = HomeTabBarController.swift; sourceTree = "<group>"; };
		D362F90F27A1A16F00409DF2 /* MyInfoViewController.swift */ = {isa = PBXFileReference; lastKnownFileType = sourcecode.swift; path = MyInfoViewController.swift; sourceTree = "<group>"; };
		D362F91127A1A6E800409DF2 /* MainViewController.swift */ = {isa = PBXFileReference; lastKnownFileType = sourcecode.swift; path = MainViewController.swift; sourceTree = "<group>"; };
		D362F91327A1A71600409DF2 /* ShopViewController.swift */ = {isa = PBXFileReference; lastKnownFileType = sourcecode.swift; path = ShopViewController.swift; sourceTree = "<group>"; };
		D362F91527A1A73600409DF2 /* FriendsViewController.swift */ = {isa = PBXFileReference; lastKnownFileType = sourcecode.swift; path = FriendsViewController.swift; sourceTree = "<group>"; };
		D362F91B27A1AF8700409DF2 /* MyInfoView.swift */ = {isa = PBXFileReference; lastKnownFileType = sourcecode.swift; path = MyInfoView.swift; sourceTree = "<group>"; };
		D362F91D27A2772B00409DF2 /* NetworkMonitor.swift */ = {isa = PBXFileReference; lastKnownFileType = sourcecode.swift; path = NetworkMonitor.swift; sourceTree = "<group>"; };
		D362F92027A2936300409DF2 /* InformationManagementViewController.swift */ = {isa = PBXFileReference; lastKnownFileType = sourcecode.swift; path = InformationManagementViewController.swift; sourceTree = "<group>"; };
		D362F92227A297DF00409DF2 /* InformationManagementView.swift */ = {isa = PBXFileReference; lastKnownFileType = sourcecode.swift; path = InformationManagementView.swift; sourceTree = "<group>"; };
		D362F92427A297F700409DF2 /* ProfileCustomView.swift */ = {isa = PBXFileReference; lastKnownFileType = sourcecode.swift; path = ProfileCustomView.swift; sourceTree = "<group>"; };
		D362F92627A306B000409DF2 /* ProfileTitleViewCell.swift */ = {isa = PBXFileReference; lastKnownFileType = sourcecode.swift; path = ProfileTitleViewCell.swift; sourceTree = "<group>"; };
		D362F92827A3BF9700409DF2 /* ProfileTitleView.swift */ = {isa = PBXFileReference; lastKnownFileType = sourcecode.swift; path = ProfileTitleView.swift; sourceTree = "<group>"; };
		D362F92A27ABAC3D00409DF2 /* ProfileUserNameView.swift */ = {isa = PBXFileReference; lastKnownFileType = sourcecode.swift; path = ProfileUserNameView.swift; sourceTree = "<group>"; };
		D362F92C27ABB21000409DF2 /* ProfileCommentView.swift */ = {isa = PBXFileReference; lastKnownFileType = sourcecode.swift; path = ProfileCommentView.swift; sourceTree = "<group>"; };
		D362F92E27ABBEF300409DF2 /* CustomButton.swift */ = {isa = PBXFileReference; lastKnownFileType = sourcecode.swift; path = CustomButton.swift; sourceTree = "<group>"; };
		D362F93227AC0B7900409DF2 /* MyInfoGenderSelectView.swift */ = {isa = PBXFileReference; lastKnownFileType = sourcecode.swift; path = MyInfoGenderSelectView.swift; sourceTree = "<group>"; };
		D362F93427AC1BD700409DF2 /* MyInfoFavoriteHabitView.swift */ = {isa = PBXFileReference; lastKnownFileType = sourcecode.swift; path = MyInfoFavoriteHabitView.swift; sourceTree = "<group>"; };
		D362F93927AC1EFC00409DF2 /* MyInfoPhoneSearchEnableView.swift */ = {isa = PBXFileReference; lastKnownFileType = sourcecode.swift; path = MyInfoPhoneSearchEnableView.swift; sourceTree = "<group>"; };
		D362F93B27AC217500409DF2 /* MyInfoSearchAgeView.swift */ = {isa = PBXFileReference; lastKnownFileType = sourcecode.swift; path = MyInfoSearchAgeView.swift; sourceTree = "<group>"; };
		D362F94327AC364200409DF2 /* MyInfoDeRegisterView.swift */ = {isa = PBXFileReference; lastKnownFileType = sourcecode.swift; path = MyInfoDeRegisterView.swift; sourceTree = "<group>"; };
		D36958B2279669AF00924F5A /* SLPProject.app */ = {isa = PBXFileReference; explicitFileType = wrapper.application; includeInIndex = 0; path = SLPProject.app; sourceTree = BUILT_PRODUCTS_DIR; };
		D36958B5279669AF00924F5A /* AppDelegate.swift */ = {isa = PBXFileReference; lastKnownFileType = sourcecode.swift; path = AppDelegate.swift; sourceTree = "<group>"; };
		D36958B7279669AF00924F5A /* SceneDelegate.swift */ = {isa = PBXFileReference; lastKnownFileType = sourcecode.swift; path = SceneDelegate.swift; sourceTree = "<group>"; };
		D36958B9279669AF00924F5A /* ViewController.swift */ = {isa = PBXFileReference; lastKnownFileType = sourcecode.swift; path = ViewController.swift; sourceTree = "<group>"; };
		D36958BE279669B200924F5A /* Assets.xcassets */ = {isa = PBXFileReference; lastKnownFileType = folder.assetcatalog; path = Assets.xcassets; sourceTree = "<group>"; };
		D36958C1279669B200924F5A /* Base */ = {isa = PBXFileReference; lastKnownFileType = file.storyboard; name = Base; path = Base.lproj/LaunchScreen.storyboard; sourceTree = "<group>"; };
		D36958C3279669B200924F5A /* Info.plist */ = {isa = PBXFileReference; lastKnownFileType = text.plist.xml; path = Info.plist; sourceTree = "<group>"; };
		D39B6964279678E8005B1EBB /* GoogleService-Info.plist */ = {isa = PBXFileReference; fileEncoding = 4; lastKnownFileType = text.plist.xml; path = "GoogleService-Info.plist"; sourceTree = "<group>"; };
/* End PBXFileReference section */

/* Begin PBXFrameworksBuildPhase section */
		D36958AF279669AF00924F5A /* Frameworks */ = {
			isa = PBXFrameworksBuildPhase;
			buildActionMask = 2147483647;
			files = (
				D301DC6D279D769900E4BD08 /* RxCocoa in Frameworks */,
				D362F94227AC299300409DF2 /* MultiSlider in Frameworks */,
				D334592C27987ECE00EB983B /* AnyFormatKit in Frameworks */,
				D362F8F5279EC07900409DF2 /* FirebaseMessaging in Frameworks */,
				D301DC72279D771400E4BD08 /* RxGesture in Frameworks */,
				D33459142796F97900EB983B /* Toast in Frameworks */,
				D362F8F3279EC07900409DF2 /* FirebaseAuth in Frameworks */,
				D351C891279E96ED001D51D9 /* Alamofire in Frameworks */,
				D351C88C279E8BDA001D51D9 /* RxAlamofire in Frameworks */,
				D33458F02796951A00EB983B /* SnapKit in Frameworks */,
				D362F93827AC1E5600409DF2 /* IQKeyboardManagerSwift in Frameworks */,
				D301DC6F279D769900E4BD08 /* RxSwift in Frameworks */,
			);
			runOnlyForDeploymentPostprocessing = 0;
		};
/* End PBXFrameworksBuildPhase section */

/* Begin PBXGroup section */
		D301DC29279BF93000E4BD08 /* API */ = {
			isa = PBXGroup;
			children = (
				D301DC2B279BF94900E4BD08 /* EndPoint.swift */,
			);
			path = API;
			sourceTree = "<group>";
		};
		D301DC2D279C229200E4BD08 /* OnboardingView */ = {
			isa = PBXGroup;
			children = (
				D301DC37279C55E400E4BD08 /* ViewModel */,
				D301DC2E279C22A100E4BD08 /* View */,
			);
			path = OnboardingView;
			sourceTree = "<group>";
		};
		D301DC2E279C22A100E4BD08 /* View */ = {
			isa = PBXGroup;
			children = (
				D301DC33279C39BD00E4BD08 /* OnboardingCollectionViewCell.swift */,
				D301DC31279C269B00E4BD08 /* OnboardingView.swift */,
				D301DC2F279C22AF00E4BD08 /* OnboardingViewController.swift */,
			);
			path = View;
			sourceTree = "<group>";
		};
		D301DC37279C55E400E4BD08 /* ViewModel */ = {
			isa = PBXGroup;
			children = (
				D301DC35279C55E100E4BD08 /* OnboardingViewModel.swift */,
			);
			path = ViewModel;
			sourceTree = "<group>";
		};
		D301DC3A279C642D00E4BD08 /* NicknameView */ = {
			isa = PBXGroup;
			children = (
				D301DC3D279C646200E4BD08 /* NicknameView.swift */,
				D301DC3F279C646B00E4BD08 /* NicknameViewController.swift */,
			);
			path = NicknameView;
			sourceTree = "<group>";
		};
		D301DC43279C78F100E4BD08 /* BirthdayView */ = {
			isa = PBXGroup;
			children = (
				D301DC4F279D03B200E4BD08 /* DateView.swift */,
				D301DC53279D0CE300E4BD08 /* DateStackView.swift */,
				D301DC49279C793000E4BD08 /* BirthdayView.swift */,
				D301DC4B279C793C00E4BD08 /* BirtydayViewController.swift */,
			);
			path = BirthdayView;
			sourceTree = "<group>";
		};
		D301DC44279C78F900E4BD08 /* EmailView */ = {
			isa = PBXGroup;
			children = (
				D301DC58279D5F1700E4BD08 /* EmailView.swift */,
				D301DC5A279D5F2500E4BD08 /* EmailViewController.swift */,
			);
			path = EmailView;
			sourceTree = "<group>";
		};
		D301DC5E279D659C00E4BD08 /* GenderView */ = {
			isa = PBXGroup;
			children = (
				D301DC67279D67CC00E4BD08 /* GenderView.swift */,
				D301DC69279D70A800E4BD08 /* GenderStackView.swift */,
				D301DC61279D65C100E4BD08 /* GenderSelectView.swift */,
				D301DC63279D65C800E4BD08 /* GenderSelectViewController.swift */,
			);
			path = GenderView;
			sourceTree = "<group>";
		};
		D301DC78279E655100E4BD08 /* Typealias */ = {
			isa = PBXGroup;
			children = (
				D301DC7A279E656600E4BD08 /* Typealias.swift */,
			);
			path = Typealias;
			sourceTree = "<group>";
		};
		D301DC7C279E827200E4BD08 /* ViewModel */ = {
			isa = PBXGroup;
			children = (
				D301DC7D279E827E00E4BD08 /* UserViewModel.swift */,
			);
			path = ViewModel;
			sourceTree = "<group>";
		};
		D301DC7F279E87AC00E4BD08 /* Views */ = {
			isa = PBXGroup;
			children = (
				D33458F2279695ED00EB983B /* PhoneNumberAuthView */,
				D334592927987D8E00EB983B /* AuthNumberView */,
				D301DC3A279C642D00E4BD08 /* NicknameView */,
				D301DC43279C78F100E4BD08 /* BirthdayView */,
				D301DC44279C78F900E4BD08 /* EmailView */,
				D301DC5E279D659C00E4BD08 /* GenderView */,
			);
			path = Views;
			sourceTree = "<group>";
		};
		D332A96627B0385B0093FB65 /* Queue */ = {
			isa = PBXGroup;
			children = (
				D332A96727B038850093FB65 /* QueueAPI.swift */,
			);
			path = Queue;
			sourceTree = "<group>";
		};
		D332A96F27B043830093FB65 /* ViewModel */ = {
			isa = PBXGroup;
			children = (
				D332A97027B043920093FB65 /* MainViewModel.swift */,
			);
			path = ViewModel;
			sourceTree = "<group>";
		};
		D33458F1279695D800EB983B /* Views */ = {
			isa = PBXGroup;
			children = (
				D33458FC2796B03F00EB983B /* CustomView */,
				D301DC2D279C229200E4BD08 /* OnboardingView */,
				D334593E279BD2CE00EB983B /* LoginViews */,
				D362F8FF279FEEE700409DF2 /* Home */,
			);
			path = Views;
			sourceTree = "<group>";
		};
		D33458F2279695ED00EB983B /* PhoneNumberAuthView */ = {
			isa = PBXGroup;
			children = (
				D33458F727969C7D00EB983B /* PhoneNumberAuthView.swift */,
				D33458F52796966800EB983B /* PhoneNumberAuthViewController.swift */,
			);
			path = PhoneNumberAuthView;
			sourceTree = "<group>";
		};
		D33458F92796A53800EB983B /* Extensions */ = {
			isa = PBXGroup;
			children = (
				D33458FA2796A54500EB983B /* UIColor+Extension.swift */,
				D33459062796E21800EB983B /* UITextField+Extension.swift */,
				D33459152797058D00EB983B /* String+Extension.swift */,
				D33459272797D55300EB983B /* UIFont+Extension.swift */,
				D301DC55279D4C9C00E4BD08 /* Date+Extension.swift */,
				D362F905279FF0E600409DF2 /* UIViewController+Extension.swift */,
			);
			path = Extensions;
			sourceTree = "<group>";
		};
		D33458FC2796B03F00EB983B /* CustomView */ = {
			isa = PBXGroup;
			children = (
				D33458FD2796B05100EB983B /* CustomNextButton.swift */,
				D33459362799809900EB983B /* CustomTextFieldView.swift */,
				D33459042796E1F500EB983B /* CustomTextField.swift */,
				D3345934279970FA00EB983B /* ExplainLabel.swift */,
				D362F92E27ABBEF300409DF2 /* CustomButton.swift */,
				D332A95E27B02C860093FB65 /* CustomFilterButton.swift */,
				D332A95A27AF9A7A0093FB65 /* CustomAlertViewController.swift */,
			);
			path = CustomView;
			sourceTree = "<group>";
		};
		D33458FF2796CD3F00EB983B /* Protocols */ = {
			isa = PBXGroup;
			children = (
				D33459002796CF9800EB983B /* FetchViews.swift */,
			);
			path = Protocols;
			sourceTree = "<group>";
		};
		D334591D27971D1C00EB983B /* Enums */ = {
			isa = PBXGroup;
			children = (
				D334591E27971D3500EB983B /* PhoneNumberAuthStatus.swift */,
				D301DC51279D0C0400E4BD08 /* DateType.swift */,
				D301DC73279D78B300E4BD08 /* GenderType.swift */,
				D362F90A27A0493400409DF2 /* UserAPIResult.swift */,
				D332A95627AED9390093FB65 /* UserRegisterState.swift */,
				D332A96227B030F90093FB65 /* MainViewFilterState.swift */,
				D332A96B27B03EA40093FB65 /* QueueAPIResult.swift */,
			);
			path = Enums;
			sourceTree = "<group>";
		};
		D33459202797D4FB00EB983B /* Font */ = {
			isa = PBXGroup;
			children = (
				D33459212797D51700EB983B /* NotoSansKR-Medium.otf */,
				D33459222797D51700EB983B /* NotoSansKR-Regular.otf */,
			);
			path = Font;
			sourceTree = "<group>";
		};
		D334592927987D8E00EB983B /* AuthNumberView */ = {
			isa = PBXGroup;
			children = (
				D334593227996A3700EB983B /* AuthNumberView.swift */,
				D334593027996A2100EB983B /* AuthNumberViewController.swift */,
			);
			path = AuthNumberView;
			sourceTree = "<group>";
		};
		D334593E279BD2CE00EB983B /* LoginViews */ = {
			isa = PBXGroup;
			children = (
				D362F90727A019C400409DF2 /* Model */,
				D301DC7C279E827200E4BD08 /* ViewModel */,
				D301DC7F279E87AC00E4BD08 /* Views */,
			);
			path = LoginViews;
			sourceTree = "<group>";
		};
		D362F8F6279EF1B300409DF2 /* Model */ = {
			isa = PBXGroup;
			children = (
				D332A95827AEDFC90093FB65 /* UserDefaultValues.swift */,
				D362F8FB279EF6A500409DF2 /* API */,
			);
			path = Model;
			sourceTree = "<group>";
		};
		D362F8FB279EF6A500409DF2 /* API */ = {
			isa = PBXGroup;
			children = (
				D332A96927B038B20093FB65 /* BaseAPI.swift */,
				D362F8FC279EF6AB00409DF2 /* User */,
				D332A96627B0385B0093FB65 /* Queue */,
				D362F91D27A2772B00409DF2 /* NetworkMonitor.swift */,
				D362F8F7279EF1D300409DF2 /* FirebaseToken.swift */,
			);
			path = API;
			sourceTree = "<group>";
		};
		D362F8FC279EF6AB00409DF2 /* User */ = {
			isa = PBXGroup;
			children = (
				D362F8F9279EF5F700409DF2 /* UserAPI.swift */,
				D362F8FD279FD1D300409DF2 /* UserInformation.swift */,
			);
			path = User;
			sourceTree = "<group>";
		};
		D362F8FF279FEEE700409DF2 /* Home */ = {
			isa = PBXGroup;
			children = (
				D362F900279FEEFB00409DF2 /* View */,
			);
			path = Home;
			sourceTree = "<group>";
		};
		D362F900279FEEFB00409DF2 /* View */ = {
			isa = PBXGroup;
			children = (
				D362F90C27A1A10600409DF2 /* HomeTabBarController.swift */,
				D362F90E27A1A15600409DF2 /* TabBarViews */,
			);
			path = View;
			sourceTree = "<group>";
		};
		D362F90727A019C400409DF2 /* Model */ = {
			isa = PBXGroup;
			children = (
				D362F90827A019D800409DF2 /* UserModel.swift */,
			);
			path = Model;
			sourceTree = "<group>";
		};
		D362F90E27A1A15600409DF2 /* TabBarViews */ = {
			isa = PBXGroup;
			children = (
				D362F91727A1AEF400409DF2 /* MainView */,
				D362F91827A1AEFE00409DF2 /* ShopView */,
				D362F91927A1AF0A00409DF2 /* FriendsView */,
				D362F91A27A1AF1100409DF2 /* MyInfoView */,
			);
			path = TabBarViews;
			sourceTree = "<group>";
		};
		D362F91727A1AEF400409DF2 /* MainView */ = {
			isa = PBXGroup;
			children = (
				D332A96F27B043830093FB65 /* ViewModel */,
				D332A96027B02E770093FB65 /* MainFilterButtons.swift */,
				D332A95C27B02ADD0093FB65 /* MainView.swift */,
				D362F91127A1A6E800409DF2 /* MainViewController.swift */,
			);
			path = MainView;
			sourceTree = "<group>";
		};
		D362F91827A1AEFE00409DF2 /* ShopView */ = {
			isa = PBXGroup;
			children = (
				D362F91327A1A71600409DF2 /* ShopViewController.swift */,
			);
			path = ShopView;
			sourceTree = "<group>";
		};
		D362F91927A1AF0A00409DF2 /* FriendsView */ = {
			isa = PBXGroup;
			children = (
				D362F91527A1A73600409DF2 /* FriendsViewController.swift */,
			);
			path = FriendsView;
			sourceTree = "<group>";
		};
		D362F91A27A1AF1100409DF2 /* MyInfoView */ = {
			isa = PBXGroup;
			children = (
				D362F91F27A2932500409DF2 /* InformationManagementView */,
				D332A95427AEB0200093FB65 /* MyInfoTableViewCell.swift */,
				D362F91B27A1AF8700409DF2 /* MyInfoView.swift */,
				D362F90F27A1A16F00409DF2 /* MyInfoViewController.swift */,
			);
			path = MyInfoView;
			sourceTree = "<group>";
		};
		D362F91F27A2932500409DF2 /* InformationManagementView */ = {
			isa = PBXGroup;
			children = (
				D362F93127AC0AC800409DF2 /* InfoCustomView */,
				D362F93027AC0AAA00409DF2 /* ProfileView */,
				D362F92227A297DF00409DF2 /* InformationManagementView.swift */,
				D362F92027A2936300409DF2 /* InformationManagementViewController.swift */,
			);
			path = InformationManagementView;
			sourceTree = "<group>";
		};
		D362F93027AC0AAA00409DF2 /* ProfileView */ = {
			isa = PBXGroup;
			children = (
				D362F92427A297F700409DF2 /* ProfileCustomView.swift */,
				D362F92C27ABB21000409DF2 /* ProfileCommentView.swift */,
				D362F92A27ABAC3D00409DF2 /* ProfileUserNameView.swift */,
				D362F92627A306B000409DF2 /* ProfileTitleViewCell.swift */,
				D362F92827A3BF9700409DF2 /* ProfileTitleView.swift */,
			);
			path = ProfileView;
			sourceTree = "<group>";
		};
		D362F93127AC0AC800409DF2 /* InfoCustomView */ = {
			isa = PBXGroup;
			children = (
				D362F93227AC0B7900409DF2 /* MyInfoGenderSelectView.swift */,
				D362F93427AC1BD700409DF2 /* MyInfoFavoriteHabitView.swift */,
				D362F93927AC1EFC00409DF2 /* MyInfoPhoneSearchEnableView.swift */,
				D362F93B27AC217500409DF2 /* MyInfoSearchAgeView.swift */,
				D362F94327AC364200409DF2 /* MyInfoDeRegisterView.swift */,
			);
			path = InfoCustomView;
			sourceTree = "<group>";
		};
		D36958A9279669AF00924F5A = {
			isa = PBXGroup;
			children = (
				D36958B4279669AF00924F5A /* SLPProject */,
				D36958B3279669AF00924F5A /* Products */,
			);
			sourceTree = "<group>";
		};
		D36958B3279669AF00924F5A /* Products */ = {
			isa = PBXGroup;
			children = (
				D36958B2279669AF00924F5A /* SLPProject.app */,
			);
			name = Products;
			sourceTree = "<group>";
		};
		D36958B4279669AF00924F5A /* SLPProject */ = {
			isa = PBXGroup;
			children = (
				D3345917279714F800EB983B /* SLPProject.entitlements */,
				D301DC78279E655100E4BD08 /* Typealias */,
				D301DC29279BF93000E4BD08 /* API */,
				D334591D27971D1C00EB983B /* Enums */,
				D33458FF2796CD3F00EB983B /* Protocols */,
				D33458F92796A53800EB983B /* Extensions */,
				D362F8F6279EF1B300409DF2 /* Model */,
				D33458F1279695D800EB983B /* Views */,
				D36958B5279669AF00924F5A /* AppDelegate.swift */,
				D36958B7279669AF00924F5A /* SceneDelegate.swift */,
				D36958B9279669AF00924F5A /* ViewController.swift */,
				D334593A2799A7C800EB983B /* BaseViewController.swift */,
				D36958BE279669B200924F5A /* Assets.xcassets */,
				D36958C0279669B200924F5A /* LaunchScreen.storyboard */,
				D36958C3279669B200924F5A /* Info.plist */,
				D39B6964279678E8005B1EBB /* GoogleService-Info.plist */,
				D33459202797D4FB00EB983B /* Font */,
			);
			path = SLPProject;
			sourceTree = "<group>";
		};
/* End PBXGroup section */

/* Begin PBXNativeTarget section */
		D36958B1279669AF00924F5A /* SLPProject */ = {
			isa = PBXNativeTarget;
			buildConfigurationList = D36958C6279669B200924F5A /* Build configuration list for PBXNativeTarget "SLPProject" */;
			buildPhases = (
				D36958AE279669AF00924F5A /* Sources */,
				D36958AF279669AF00924F5A /* Frameworks */,
				D36958B0279669AF00924F5A /* Resources */,
			);
			buildRules = (
			);
			dependencies = (
			);
			name = SLPProject;
			packageProductDependencies = (
				D33458EF2796951A00EB983B /* SnapKit */,
				D33459132796F97900EB983B /* Toast */,
				D334592B27987ECE00EB983B /* AnyFormatKit */,
				D301DC6C279D769900E4BD08 /* RxCocoa */,
				D301DC6E279D769900E4BD08 /* RxSwift */,
				D301DC71279D771400E4BD08 /* RxGesture */,
				D351C88B279E8BDA001D51D9 /* RxAlamofire */,
				D351C890279E96ED001D51D9 /* Alamofire */,
				D362F8F2279EC07900409DF2 /* FirebaseAuth */,
				D362F8F4279EC07900409DF2 /* FirebaseMessaging */,
				D362F93727AC1E5600409DF2 /* IQKeyboardManagerSwift */,
				D362F94127AC299300409DF2 /* MultiSlider */,
			);
			productName = SLPProject;
			productReference = D36958B2279669AF00924F5A /* SLPProject.app */;
			productType = "com.apple.product-type.application";
		};
/* End PBXNativeTarget section */

/* Begin PBXProject section */
		D36958AA279669AF00924F5A /* Project object */ = {
			isa = PBXProject;
			attributes = {
				BuildIndependentTargetsInParallel = 1;
				LastSwiftUpdateCheck = 1320;
				LastUpgradeCheck = 1320;
				TargetAttributes = {
					D36958B1279669AF00924F5A = {
						CreatedOnToolsVersion = 13.2.1;
					};
				};
			};
			buildConfigurationList = D36958AD279669AF00924F5A /* Build configuration list for PBXProject "SLPProject" */;
			compatibilityVersion = "Xcode 13.0";
			developmentRegion = en;
			hasScannedForEncodings = 0;
			knownRegions = (
				en,
				Base,
			);
			mainGroup = D36958A9279669AF00924F5A;
			packageReferences = (
				D33458EE2796951A00EB983B /* XCRemoteSwiftPackageReference "SnapKit" */,
				D33459122796F97900EB983B /* XCRemoteSwiftPackageReference "Toast-Swift" */,
				D334592A27987ECD00EB983B /* XCRemoteSwiftPackageReference "AnyFormatKit" */,
				D301DC6B279D769900E4BD08 /* XCRemoteSwiftPackageReference "RxSwift" */,
				D301DC70279D771300E4BD08 /* XCRemoteSwiftPackageReference "RxGesture" */,
				D351C88A279E8BDA001D51D9 /* XCRemoteSwiftPackageReference "RxAlamofire" */,
				D351C88F279E96ED001D51D9 /* XCRemoteSwiftPackageReference "Alamofire" */,
				D362F8F1279EC07900409DF2 /* XCRemoteSwiftPackageReference "firebase-ios-sdk" */,
				D362F93627AC1E5600409DF2 /* XCRemoteSwiftPackageReference "IQKeyboardManager" */,
				D362F94027AC299300409DF2 /* XCRemoteSwiftPackageReference "MultiSlider" */,
			);
			productRefGroup = D36958B3279669AF00924F5A /* Products */;
			projectDirPath = "";
			projectRoot = "";
			targets = (
				D36958B1279669AF00924F5A /* SLPProject */,
			);
		};
/* End PBXProject section */

/* Begin PBXResourcesBuildPhase section */
		D36958B0279669AF00924F5A /* Resources */ = {
			isa = PBXResourcesBuildPhase;
			buildActionMask = 2147483647;
			files = (
				D33459232797D51700EB983B /* NotoSansKR-Medium.otf in Resources */,
				D36958C2279669B200924F5A /* LaunchScreen.storyboard in Resources */,
				D39B6965279678E8005B1EBB /* GoogleService-Info.plist in Resources */,
				D36958BF279669B200924F5A /* Assets.xcassets in Resources */,
				D33459242797D51700EB983B /* NotoSansKR-Regular.otf in Resources */,
			);
			runOnlyForDeploymentPostprocessing = 0;
		};
/* End PBXResourcesBuildPhase section */

/* Begin PBXSourcesBuildPhase section */
		D36958AE279669AF00924F5A /* Sources */ = {
			isa = PBXSourcesBuildPhase;
			buildActionMask = 2147483647;
			files = (
				D362F93A27AC1EFC00409DF2 /* MyInfoPhoneSearchEnableView.swift in Sources */,
				D301DC36279C55E100E4BD08 /* OnboardingViewModel.swift in Sources */,
				D301DC64279D65C800E4BD08 /* GenderSelectViewController.swift in Sources */,
				D362F91627A1A73600409DF2 /* FriendsViewController.swift in Sources */,
				D334591F27971D3500EB983B /* PhoneNumberAuthStatus.swift in Sources */,
				D332A97127B043920093FB65 /* MainViewModel.swift in Sources */,
				D332A95D27B02ADD0093FB65 /* MainView.swift in Sources */,
				D332A95727AED9390093FB65 /* UserRegisterState.swift in Sources */,
				D362F91C27A1AF8800409DF2 /* MyInfoView.swift in Sources */,
				D362F92727A306B000409DF2 /* ProfileTitleViewCell.swift in Sources */,
				D301DC50279D03B200E4BD08 /* DateView.swift in Sources */,
				D362F91027A1A16F00409DF2 /* MyInfoViewController.swift in Sources */,
				D36958BA279669AF00924F5A /* ViewController.swift in Sources */,
				D362F8FE279FD1D300409DF2 /* UserInformation.swift in Sources */,
				D301DC52279D0C0400E4BD08 /* DateType.swift in Sources */,
				D33459372799809900EB983B /* CustomTextFieldView.swift in Sources */,
				D362F90D27A1A10600409DF2 /* HomeTabBarController.swift in Sources */,
				D301DC5B279D5F2500E4BD08 /* EmailViewController.swift in Sources */,
				D33458F827969C7D00EB983B /* PhoneNumberAuthView.swift in Sources */,
				D33459282797D55300EB983B /* UIFont+Extension.swift in Sources */,
				D301DC7B279E656600E4BD08 /* Typealias.swift in Sources */,
				D334593B2799A7C800EB983B /* BaseViewController.swift in Sources */,
				D332A96A27B038B20093FB65 /* BaseAPI.swift in Sources */,
				D362F8F8279EF1D300409DF2 /* FirebaseToken.swift in Sources */,
				D36958B6279669AF00924F5A /* AppDelegate.swift in Sources */,
				D301DC4C279C793C00E4BD08 /* BirtydayViewController.swift in Sources */,
				D362F8FA279EF5F700409DF2 /* UserAPI.swift in Sources */,
				D332A96327B030F90093FB65 /* MainViewFilterState.swift in Sources */,
				D362F91E27A2772B00409DF2 /* NetworkMonitor.swift in Sources */,
				D362F90927A019D800409DF2 /* UserModel.swift in Sources */,
				D332A95B27AF9A7A0093FB65 /* CustomAlertViewController.swift in Sources */,
				D362F92F27ABBEF300409DF2 /* CustomButton.swift in Sources */,
				D362F94427AC364200409DF2 /* MyInfoDeRegisterView.swift in Sources */,
				D362F93327AC0B7900409DF2 /* MyInfoGenderSelectView.swift in Sources */,
				D301DC3E279C646300E4BD08 /* NicknameView.swift in Sources */,
				D334593327996A3700EB983B /* AuthNumberView.swift in Sources */,
				D362F92D27ABB21000409DF2 /* ProfileCommentView.swift in Sources */,
				D362F91227A1A6E800409DF2 /* MainViewController.swift in Sources */,
				D301DC30279C22AF00E4BD08 /* OnboardingViewController.swift in Sources */,
				D332A96C27B03EA40093FB65 /* QueueAPIResult.swift in Sources */,
				D362F92927A3BF9700409DF2 /* ProfileTitleView.swift in Sources */,
				D301DC34279C39BD00E4BD08 /* OnboardingCollectionViewCell.swift in Sources */,
				D332A96127B02E770093FB65 /* MainFilterButtons.swift in Sources */,
				D33459162797058D00EB983B /* String+Extension.swift in Sources */,
				D33459012796CF9800EB983B /* FetchViews.swift in Sources */,
				D332A95F27B02C860093FB65 /* CustomFilterButton.swift in Sources */,
				D301DC2C279BF94900E4BD08 /* EndPoint.swift in Sources */,
				D332A96827B038850093FB65 /* QueueAPI.swift in Sources */,
				D33458FB2796A54500EB983B /* UIColor+Extension.swift in Sources */,
				D301DC4A279C793000E4BD08 /* BirthdayView.swift in Sources */,
				D362F91427A1A71600409DF2 /* ShopViewController.swift in Sources */,
				D301DC7E279E827E00E4BD08 /* UserViewModel.swift in Sources */,
				D33459072796E21800EB983B /* UITextField+Extension.swift in Sources */,
				D362F906279FF0E600409DF2 /* UIViewController+Extension.swift in Sources */,
				D33458FE2796B05100EB983B /* CustomNextButton.swift in Sources */,
				D332A95527AEB0200093FB65 /* MyInfoTableViewCell.swift in Sources */,
				D301DC56279D4C9C00E4BD08 /* Date+Extension.swift in Sources */,
				D33458F62796966800EB983B /* PhoneNumberAuthViewController.swift in Sources */,
				D3345935279970FA00EB983B /* ExplainLabel.swift in Sources */,
				D301DC62279D65C100E4BD08 /* GenderSelectView.swift in Sources */,
				D301DC68279D67CC00E4BD08 /* GenderView.swift in Sources */,
				D362F93527AC1BD700409DF2 /* MyInfoFavoriteHabitView.swift in Sources */,
				D362F90B27A0493400409DF2 /* UserAPIResult.swift in Sources */,
				D301DC74279D78B300E4BD08 /* GenderType.swift in Sources */,
				D362F92327A297DF00409DF2 /* InformationManagementView.swift in Sources */,
				D36958B8279669AF00924F5A /* SceneDelegate.swift in Sources */,
				D301DC6A279D70A800E4BD08 /* GenderStackView.swift in Sources */,
				D301DC59279D5F1700E4BD08 /* EmailView.swift in Sources */,
				D362F92527A297F700409DF2 /* ProfileCustomView.swift in Sources */,
				D362F92127A2936300409DF2 /* InformationManagementViewController.swift in Sources */,
				D362F93C27AC217500409DF2 /* MyInfoSearchAgeView.swift in Sources */,
				D33459052796E1F500EB983B /* CustomTextField.swift in Sources */,
				D301DC54279D0CE300E4BD08 /* DateStackView.swift in Sources */,
				D362F92B27ABAC3D00409DF2 /* ProfileUserNameView.swift in Sources */,
				D301DC32279C269B00E4BD08 /* OnboardingView.swift in Sources */,
				D301DC40279C646B00E4BD08 /* NicknameViewController.swift in Sources */,
				D332A95927AEDFC90093FB65 /* UserDefaultValues.swift in Sources */,
				D334593127996A2100EB983B /* AuthNumberViewController.swift in Sources */,
			);
			runOnlyForDeploymentPostprocessing = 0;
		};
/* End PBXSourcesBuildPhase section */

/* Begin PBXVariantGroup section */
		D36958C0279669B200924F5A /* LaunchScreen.storyboard */ = {
			isa = PBXVariantGroup;
			children = (
				D36958C1279669B200924F5A /* Base */,
			);
			name = LaunchScreen.storyboard;
			sourceTree = "<group>";
		};
/* End PBXVariantGroup section */

/* Begin XCBuildConfiguration section */
		D36958C4279669B200924F5A /* Debug */ = {
			isa = XCBuildConfiguration;
			buildSettings = {
				ALWAYS_SEARCH_USER_PATHS = NO;
				CLANG_ANALYZER_NONNULL = YES;
				CLANG_ANALYZER_NUMBER_OBJECT_CONVERSION = YES_AGGRESSIVE;
				CLANG_CXX_LANGUAGE_STANDARD = "gnu++17";
				CLANG_CXX_LIBRARY = "libc++";
				CLANG_ENABLE_MODULES = YES;
				CLANG_ENABLE_OBJC_ARC = YES;
				CLANG_ENABLE_OBJC_WEAK = YES;
				CLANG_WARN_BLOCK_CAPTURE_AUTORELEASING = YES;
				CLANG_WARN_BOOL_CONVERSION = YES;
				CLANG_WARN_COMMA = YES;
				CLANG_WARN_CONSTANT_CONVERSION = YES;
				CLANG_WARN_DEPRECATED_OBJC_IMPLEMENTATIONS = YES;
				CLANG_WARN_DIRECT_OBJC_ISA_USAGE = YES_ERROR;
				CLANG_WARN_DOCUMENTATION_COMMENTS = YES;
				CLANG_WARN_EMPTY_BODY = YES;
				CLANG_WARN_ENUM_CONVERSION = YES;
				CLANG_WARN_INFINITE_RECURSION = YES;
				CLANG_WARN_INT_CONVERSION = YES;
				CLANG_WARN_NON_LITERAL_NULL_CONVERSION = YES;
				CLANG_WARN_OBJC_IMPLICIT_RETAIN_SELF = YES;
				CLANG_WARN_OBJC_LITERAL_CONVERSION = YES;
				CLANG_WARN_OBJC_ROOT_CLASS = YES_ERROR;
				CLANG_WARN_QUOTED_INCLUDE_IN_FRAMEWORK_HEADER = YES;
				CLANG_WARN_RANGE_LOOP_ANALYSIS = YES;
				CLANG_WARN_STRICT_PROTOTYPES = YES;
				CLANG_WARN_SUSPICIOUS_MOVE = YES;
				CLANG_WARN_UNGUARDED_AVAILABILITY = YES_AGGRESSIVE;
				CLANG_WARN_UNREACHABLE_CODE = YES;
				CLANG_WARN__DUPLICATE_METHOD_MATCH = YES;
				COPY_PHASE_STRIP = NO;
				DEBUG_INFORMATION_FORMAT = dwarf;
				ENABLE_STRICT_OBJC_MSGSEND = YES;
				ENABLE_TESTABILITY = YES;
				GCC_C_LANGUAGE_STANDARD = gnu11;
				GCC_DYNAMIC_NO_PIC = NO;
				GCC_NO_COMMON_BLOCKS = YES;
				GCC_OPTIMIZATION_LEVEL = 0;
				GCC_PREPROCESSOR_DEFINITIONS = (
					"DEBUG=1",
					"$(inherited)",
				);
				GCC_WARN_64_TO_32_BIT_CONVERSION = YES;
				GCC_WARN_ABOUT_RETURN_TYPE = YES_ERROR;
				GCC_WARN_UNDECLARED_SELECTOR = YES;
				GCC_WARN_UNINITIALIZED_AUTOS = YES_AGGRESSIVE;
				GCC_WARN_UNUSED_FUNCTION = YES;
				GCC_WARN_UNUSED_VARIABLE = YES;
				IPHONEOS_DEPLOYMENT_TARGET = 15.2;
				MTL_ENABLE_DEBUG_INFO = INCLUDE_SOURCE;
				MTL_FAST_MATH = YES;
				ONLY_ACTIVE_ARCH = YES;
				SDKROOT = iphoneos;
				SWIFT_ACTIVE_COMPILATION_CONDITIONS = DEBUG;
				SWIFT_OPTIMIZATION_LEVEL = "-Onone";
			};
			name = Debug;
		};
		D36958C5279669B200924F5A /* Release */ = {
			isa = XCBuildConfiguration;
			buildSettings = {
				ALWAYS_SEARCH_USER_PATHS = NO;
				CLANG_ANALYZER_NONNULL = YES;
				CLANG_ANALYZER_NUMBER_OBJECT_CONVERSION = YES_AGGRESSIVE;
				CLANG_CXX_LANGUAGE_STANDARD = "gnu++17";
				CLANG_CXX_LIBRARY = "libc++";
				CLANG_ENABLE_MODULES = YES;
				CLANG_ENABLE_OBJC_ARC = YES;
				CLANG_ENABLE_OBJC_WEAK = YES;
				CLANG_WARN_BLOCK_CAPTURE_AUTORELEASING = YES;
				CLANG_WARN_BOOL_CONVERSION = YES;
				CLANG_WARN_COMMA = YES;
				CLANG_WARN_CONSTANT_CONVERSION = YES;
				CLANG_WARN_DEPRECATED_OBJC_IMPLEMENTATIONS = YES;
				CLANG_WARN_DIRECT_OBJC_ISA_USAGE = YES_ERROR;
				CLANG_WARN_DOCUMENTATION_COMMENTS = YES;
				CLANG_WARN_EMPTY_BODY = YES;
				CLANG_WARN_ENUM_CONVERSION = YES;
				CLANG_WARN_INFINITE_RECURSION = YES;
				CLANG_WARN_INT_CONVERSION = YES;
				CLANG_WARN_NON_LITERAL_NULL_CONVERSION = YES;
				CLANG_WARN_OBJC_IMPLICIT_RETAIN_SELF = YES;
				CLANG_WARN_OBJC_LITERAL_CONVERSION = YES;
				CLANG_WARN_OBJC_ROOT_CLASS = YES_ERROR;
				CLANG_WARN_QUOTED_INCLUDE_IN_FRAMEWORK_HEADER = YES;
				CLANG_WARN_RANGE_LOOP_ANALYSIS = YES;
				CLANG_WARN_STRICT_PROTOTYPES = YES;
				CLANG_WARN_SUSPICIOUS_MOVE = YES;
				CLANG_WARN_UNGUARDED_AVAILABILITY = YES_AGGRESSIVE;
				CLANG_WARN_UNREACHABLE_CODE = YES;
				CLANG_WARN__DUPLICATE_METHOD_MATCH = YES;
				COPY_PHASE_STRIP = NO;
				DEBUG_INFORMATION_FORMAT = "dwarf-with-dsym";
				ENABLE_NS_ASSERTIONS = NO;
				ENABLE_STRICT_OBJC_MSGSEND = YES;
				GCC_C_LANGUAGE_STANDARD = gnu11;
				GCC_NO_COMMON_BLOCKS = YES;
				GCC_WARN_64_TO_32_BIT_CONVERSION = YES;
				GCC_WARN_ABOUT_RETURN_TYPE = YES_ERROR;
				GCC_WARN_UNDECLARED_SELECTOR = YES;
				GCC_WARN_UNINITIALIZED_AUTOS = YES_AGGRESSIVE;
				GCC_WARN_UNUSED_FUNCTION = YES;
				GCC_WARN_UNUSED_VARIABLE = YES;
				IPHONEOS_DEPLOYMENT_TARGET = 15.2;
				MTL_ENABLE_DEBUG_INFO = NO;
				MTL_FAST_MATH = YES;
				SDKROOT = iphoneos;
				SWIFT_COMPILATION_MODE = wholemodule;
				SWIFT_OPTIMIZATION_LEVEL = "-O";
				VALIDATE_PRODUCT = YES;
			};
			name = Release;
		};
		D36958C7279669B200924F5A /* Debug */ = {
			isa = XCBuildConfiguration;
			buildSettings = {
				ASSETCATALOG_COMPILER_APPICON_NAME = AppIcon;
				ASSETCATALOG_COMPILER_GLOBAL_ACCENT_COLOR_NAME = AccentColor;
				CODE_SIGN_ENTITLEMENTS = SLPProject/SLPProject.entitlements;
				CODE_SIGN_STYLE = Automatic;
				CURRENT_PROJECT_VERSION = 1;
				DEVELOPMENT_TEAM = 2EZ5QWFYX2;
				GENERATE_INFOPLIST_FILE = YES;
				INFOPLIST_FILE = SLPProject/Info.plist;
				INFOPLIST_KEY_UIApplicationSupportsIndirectInputEvents = YES;
				INFOPLIST_KEY_UILaunchStoryboardName = LaunchScreen;
				INFOPLIST_KEY_UISupportedInterfaceOrientations_iPad = "UIInterfaceOrientationPortrait UIInterfaceOrientationPortraitUpsideDown UIInterfaceOrientationLandscapeLeft UIInterfaceOrientationLandscapeRight";
				INFOPLIST_KEY_UISupportedInterfaceOrientations_iPhone = "UIInterfaceOrientationPortrait UIInterfaceOrientationLandscapeLeft UIInterfaceOrientationLandscapeRight";
				IPHONEOS_DEPLOYMENT_TARGET = 15.0;
				LD_RUNPATH_SEARCH_PATHS = (
					"$(inherited)",
					"@executable_path/Frameworks",
				);
				MARKETING_VERSION = 1.0;
				PRODUCT_BUNDLE_IDENTIFIER = com.memolease.sesac1;
				PRODUCT_NAME = "$(TARGET_NAME)";
				SWIFT_EMIT_LOC_STRINGS = YES;
				SWIFT_VERSION = 5.0;
				TARGETED_DEVICE_FAMILY = 1;
			};
			name = Debug;
		};
		D36958C8279669B200924F5A /* Release */ = {
			isa = XCBuildConfiguration;
			buildSettings = {
				ASSETCATALOG_COMPILER_APPICON_NAME = AppIcon;
				ASSETCATALOG_COMPILER_GLOBAL_ACCENT_COLOR_NAME = AccentColor;
				CODE_SIGN_ENTITLEMENTS = SLPProject/SLPProject.entitlements;
				CODE_SIGN_STYLE = Automatic;
				CURRENT_PROJECT_VERSION = 1;
				DEVELOPMENT_TEAM = 2EZ5QWFYX2;
				GENERATE_INFOPLIST_FILE = YES;
				INFOPLIST_FILE = SLPProject/Info.plist;
				INFOPLIST_KEY_UIApplicationSupportsIndirectInputEvents = YES;
				INFOPLIST_KEY_UILaunchStoryboardName = LaunchScreen;
				INFOPLIST_KEY_UISupportedInterfaceOrientations_iPad = "UIInterfaceOrientationPortrait UIInterfaceOrientationPortraitUpsideDown UIInterfaceOrientationLandscapeLeft UIInterfaceOrientationLandscapeRight";
				INFOPLIST_KEY_UISupportedInterfaceOrientations_iPhone = "UIInterfaceOrientationPortrait UIInterfaceOrientationLandscapeLeft UIInterfaceOrientationLandscapeRight";
				IPHONEOS_DEPLOYMENT_TARGET = 15.0;
				LD_RUNPATH_SEARCH_PATHS = (
					"$(inherited)",
					"@executable_path/Frameworks",
				);
				MARKETING_VERSION = 1.0;
				PRODUCT_BUNDLE_IDENTIFIER = com.memolease.sesac1;
				PRODUCT_NAME = "$(TARGET_NAME)";
				SWIFT_EMIT_LOC_STRINGS = YES;
				SWIFT_VERSION = 5.0;
				TARGETED_DEVICE_FAMILY = 1;
			};
			name = Release;
		};
/* End XCBuildConfiguration section */

/* Begin XCConfigurationList section */
		D36958AD279669AF00924F5A /* Build configuration list for PBXProject "SLPProject" */ = {
			isa = XCConfigurationList;
			buildConfigurations = (
				D36958C4279669B200924F5A /* Debug */,
				D36958C5279669B200924F5A /* Release */,
			);
			defaultConfigurationIsVisible = 0;
			defaultConfigurationName = Release;
		};
		D36958C6279669B200924F5A /* Build configuration list for PBXNativeTarget "SLPProject" */ = {
			isa = XCConfigurationList;
			buildConfigurations = (
				D36958C7279669B200924F5A /* Debug */,
				D36958C8279669B200924F5A /* Release */,
			);
			defaultConfigurationIsVisible = 0;
			defaultConfigurationName = Release;
		};
/* End XCConfigurationList section */

/* Begin XCRemoteSwiftPackageReference section */
		D301DC6B279D769900E4BD08 /* XCRemoteSwiftPackageReference "RxSwift" */ = {
			isa = XCRemoteSwiftPackageReference;
			repositoryURL = "https://github.com/ReactiveX/RxSwift.git";
			requirement = {
				kind = upToNextMajorVersion;
				minimumVersion = 6.0.0;
			};
		};
		D301DC70279D771300E4BD08 /* XCRemoteSwiftPackageReference "RxGesture" */ = {
			isa = XCRemoteSwiftPackageReference;
			repositoryURL = "https://github.com/RxSwiftCommunity/RxGesture.git";
			requirement = {
				kind = upToNextMajorVersion;
				minimumVersion = 4.0.0;
			};
		};
		D33458EE2796951A00EB983B /* XCRemoteSwiftPackageReference "SnapKit" */ = {
			isa = XCRemoteSwiftPackageReference;
			repositoryURL = "https://github.com/SnapKit/SnapKit.git";
			requirement = {
				kind = upToNextMajorVersion;
				minimumVersion = 5.0.0;
			};
		};
		D33459122796F97900EB983B /* XCRemoteSwiftPackageReference "Toast-Swift" */ = {
			isa = XCRemoteSwiftPackageReference;
			repositoryURL = "https://github.com/scalessec/Toast-Swift.git";
			requirement = {
				kind = upToNextMajorVersion;
				minimumVersion = 5.0.0;
			};
		};
		D334592A27987ECD00EB983B /* XCRemoteSwiftPackageReference "AnyFormatKit" */ = {
			isa = XCRemoteSwiftPackageReference;
			repositoryURL = "https://github.com/luximetr/AnyFormatKit.git";
			requirement = {
				kind = exactVersion;
				version = 2.5.1;
			};
		};
		D351C88A279E8BDA001D51D9 /* XCRemoteSwiftPackageReference "RxAlamofire" */ = {
			isa = XCRemoteSwiftPackageReference;
			repositoryURL = "https://github.com/RxSwiftCommunity/RxAlamofire.git";
			requirement = {
				kind = exactVersion;
				version = 6.1.0;
			};
		};
		D351C88F279E96ED001D51D9 /* XCRemoteSwiftPackageReference "Alamofire" */ = {
			isa = XCRemoteSwiftPackageReference;
			repositoryURL = "https://github.com/Alamofire/Alamofire";
			requirement = {
				kind = upToNextMajorVersion;
				minimumVersion = 5.0.0;
			};
		};
		D362F8F1279EC07900409DF2 /* XCRemoteSwiftPackageReference "firebase-ios-sdk" */ = {
			isa = XCRemoteSwiftPackageReference;
			repositoryURL = "https://github.com/firebase/firebase-ios-sdk.git";
			requirement = {
				kind = exactVersion;
				version = 8.9.1;
			};
		};
		D362F93627AC1E5600409DF2 /* XCRemoteSwiftPackageReference "IQKeyboardManager" */ = {
			isa = XCRemoteSwiftPackageReference;
			repositoryURL = "https://github.com/hackiftekhar/IQKeyboardManager.git";
			requirement = {
				kind = exactVersion;
				version = 6.5.0;
			};
		};
		D362F94027AC299300409DF2 /* XCRemoteSwiftPackageReference "MultiSlider" */ = {
			isa = XCRemoteSwiftPackageReference;
			repositoryURL = "https://github.com/yonat/MultiSlider.git";
			requirement = {
				kind = exactVersion;
				version = 1.11.2;
			};
		};
/* End XCRemoteSwiftPackageReference section */

/* Begin XCSwiftPackageProductDependency section */
		D301DC6C279D769900E4BD08 /* RxCocoa */ = {
			isa = XCSwiftPackageProductDependency;
			package = D301DC6B279D769900E4BD08 /* XCRemoteSwiftPackageReference "RxSwift" */;
			productName = RxCocoa;
		};
		D301DC6E279D769900E4BD08 /* RxSwift */ = {
			isa = XCSwiftPackageProductDependency;
			package = D301DC6B279D769900E4BD08 /* XCRemoteSwiftPackageReference "RxSwift" */;
			productName = RxSwift;
		};
		D301DC71279D771400E4BD08 /* RxGesture */ = {
			isa = XCSwiftPackageProductDependency;
			package = D301DC70279D771300E4BD08 /* XCRemoteSwiftPackageReference "RxGesture" */;
			productName = RxGesture;
		};
		D33458EF2796951A00EB983B /* SnapKit */ = {
			isa = XCSwiftPackageProductDependency;
			package = D33458EE2796951A00EB983B /* XCRemoteSwiftPackageReference "SnapKit" */;
			productName = SnapKit;
		};
		D33459132796F97900EB983B /* Toast */ = {
			isa = XCSwiftPackageProductDependency;
			package = D33459122796F97900EB983B /* XCRemoteSwiftPackageReference "Toast-Swift" */;
			productName = Toast;
		};
		D334592B27987ECE00EB983B /* AnyFormatKit */ = {
			isa = XCSwiftPackageProductDependency;
			package = D334592A27987ECD00EB983B /* XCRemoteSwiftPackageReference "AnyFormatKit" */;
			productName = AnyFormatKit;
		};
		D351C88B279E8BDA001D51D9 /* RxAlamofire */ = {
			isa = XCSwiftPackageProductDependency;
			package = D351C88A279E8BDA001D51D9 /* XCRemoteSwiftPackageReference "RxAlamofire" */;
			productName = RxAlamofire;
		};
		D351C890279E96ED001D51D9 /* Alamofire */ = {
			isa = XCSwiftPackageProductDependency;
			package = D351C88F279E96ED001D51D9 /* XCRemoteSwiftPackageReference "Alamofire" */;
			productName = Alamofire;
		};
		D362F8F2279EC07900409DF2 /* FirebaseAuth */ = {
			isa = XCSwiftPackageProductDependency;
			package = D362F8F1279EC07900409DF2 /* XCRemoteSwiftPackageReference "firebase-ios-sdk" */;
			productName = FirebaseAuth;
		};
		D362F8F4279EC07900409DF2 /* FirebaseMessaging */ = {
			isa = XCSwiftPackageProductDependency;
			package = D362F8F1279EC07900409DF2 /* XCRemoteSwiftPackageReference "firebase-ios-sdk" */;
			productName = FirebaseMessaging;
		};
		D362F93727AC1E5600409DF2 /* IQKeyboardManagerSwift */ = {
			isa = XCSwiftPackageProductDependency;
			package = D362F93627AC1E5600409DF2 /* XCRemoteSwiftPackageReference "IQKeyboardManager" */;
			productName = IQKeyboardManagerSwift;
		};
		D362F94127AC299300409DF2 /* MultiSlider */ = {
			isa = XCSwiftPackageProductDependency;
			package = D362F94027AC299300409DF2 /* XCRemoteSwiftPackageReference "MultiSlider" */;
			productName = MultiSlider;
		};
/* End XCSwiftPackageProductDependency section */
	};
	rootObject = D36958AA279669AF00924F5A /* Project object */;
}
